// !$*UTF8*$!
{
	archiveVersion = 1;
	classes = {
	};
	objectVersion = 54;
	objects = {

/* Begin PBXBuildFile section */
		8A4D5231255BC50100B68785 /* AppDelegate.swift in Sources */ = {isa = PBXBuildFile; fileRef = 8A4D5230255BC50100B68785 /* AppDelegate.swift */; };
		8A4D5233255BC50100B68785 /* SceneDelegate.swift in Sources */ = {isa = PBXBuildFile; fileRef = 8A4D5232255BC50100B68785 /* SceneDelegate.swift */; };
		8A4D5238255BC50100B68785 /* Main.storyboard in Resources */ = {isa = PBXBuildFile; fileRef = 8A4D5236255BC50100B68785 /* Main.storyboard */; };
		8A4D523A255BC50400B68785 /* Assets.xcassets in Resources */ = {isa = PBXBuildFile; fileRef = 8A4D5239255BC50400B68785 /* Assets.xcassets */; };
		8A4D523D255BC50400B68785 /* LaunchScreen.storyboard in Resources */ = {isa = PBXBuildFile; fileRef = 8A4D523B255BC50400B68785 /* LaunchScreen.storyboard */; };
		8A4D5248255BC50400B68785 /* NyTimesAppTests.swift in Sources */ = {isa = PBXBuildFile; fileRef = 8A4D5247255BC50400B68785 /* NyTimesAppTests.swift */; };
		8A4D5253255BC50500B68785 /* NyTimesAppUITests.swift in Sources */ = {isa = PBXBuildFile; fileRef = 8A4D5252255BC50500B68785 /* NyTimesAppUITests.swift */; };
		8A4D5295255D1A0200B68785 /* URLRequest+Resource.swift in Sources */ = {isa = PBXBuildFile; fileRef = 8A4D5280255D1A0200B68785 /* URLRequest+Resource.swift */; };
		8A4D5296255D1A0200B68785 /* PopularArticlesListViewModel.swift in Sources */ = {isa = PBXBuildFile; fileRef = 8A4D5286255D1A0200B68785 /* PopularArticlesListViewModel.swift */; };
		8A4D5297255D1A0200B68785 /* PopularArticlesListViewController.swift in Sources */ = {isa = PBXBuildFile; fileRef = 8A4D5288255D1A0200B68785 /* PopularArticlesListViewController.swift */; };
		8A4D5298255D1A0200B68785 /* PopularArticleTableViewCell.swift in Sources */ = {isa = PBXBuildFile; fileRef = 8A4D5289255D1A0200B68785 /* PopularArticleTableViewCell.swift */; };
		8A4D5299255D1A0200B68785 /* PopularArticlesModel.swift in Sources */ = {isa = PBXBuildFile; fileRef = 8A4D528B255D1A0200B68785 /* PopularArticlesModel.swift */; };
		8A4D529A255D1A0200B68785 /* PopularArticlesService.swift in Sources */ = {isa = PBXBuildFile; fileRef = 8A4D528E255D1A0200B68785 /* PopularArticlesService.swift */; };
		8A4D529B255D1A0200B68785 /* Result.swift in Sources */ = {isa = PBXBuildFile; fileRef = 8A4D5290255D1A0200B68785 /* Result.swift */; };
		8A4D529C255D1A0200B68785 /* NetworkManager.swift in Sources */ = {isa = PBXBuildFile; fileRef = 8A4D5292255D1A0200B68785 /* NetworkManager.swift */; };
		8A4D529D255D1A0200B68785 /* Resource.swift in Sources */ = {isa = PBXBuildFile; fileRef = 8A4D5294255D1A0200B68785 /* Resource.swift */; };
		8A4D529F255D37C200B68785 /* APIServiceTest.swift in Sources */ = {isa = PBXBuildFile; fileRef = 8A4D529E255D37C200B68785 /* APIServiceTest.swift */; };
		8A4D52A1255D41E500B68785 /* PopularArticlesViewModelTest.swift in Sources */ = {isa = PBXBuildFile; fileRef = 8A4D52A0255D41E400B68785 /* PopularArticlesViewModelTest.swift */; };
		8A535EC7255E517C008A8318 /* PopularArticlesDetailViewController.swift in Sources */ = {isa = PBXBuildFile; fileRef = 8A535EC6255E517C008A8318 /* PopularArticlesDetailViewController.swift */; };
		8A535ECC255E8F63008A8318 /* ArticleListProtocol.swift in Sources */ = {isa = PBXBuildFile; fileRef = 8A535ECB255E8F63008A8318 /* ArticleListProtocol.swift */; };
		8A535ED1255E94DF008A8318 /* PopularArticlesListAdapter.swift in Sources */ = {isa = PBXBuildFile; fileRef = 8A535ED0255E94DF008A8318 /* PopularArticlesListAdapter.swift */; };
		8A535ED4255EC5DA008A8318 /* Constants.swift in Sources */ = {isa = PBXBuildFile; fileRef = 8A535ED3255EC5D9008A8318 /* Constants.swift */; };
		8A535ED6255EC5F0008A8318 /* Strings.swift in Sources */ = {isa = PBXBuildFile; fileRef = 8A535ED5255EC5F0008A8318 /* Strings.swift */; };
		8A5C349C2B66C9F2006E9697 /* AppApperance.swift in Sources */ = {isa = PBXBuildFile; fileRef = 8A5C349B2B66C9F2006E9697 /* AppApperance.swift */; };
		8A751E682B64F336004D85F8 /* DependencyContainer.swift in Sources */ = {isa = PBXBuildFile; fileRef = 8A751E672B64F336004D85F8 /* DependencyContainer.swift */; };
		94B8D7231F072846C4057197 /* Pods_NyTimesApp.framework in Frameworks */ = {isa = PBXBuildFile; fileRef = 46A565E087509FF1A6AAED13 /* Pods_NyTimesApp.framework */; };
		A18EC27CE6A41C815F105A2D /* Pods_NyTimesApp_NyTimesAppUITests.framework in Frameworks */ = {isa = PBXBuildFile; fileRef = F997FC613EB39F05DA4821A3 /* Pods_NyTimesApp_NyTimesAppUITests.framework */; };
		EFF95FE02118D304D7A5DABC /* Pods_NyTimesAppTests.framework in Frameworks */ = {isa = PBXBuildFile; fileRef = 7AD9133B19E3439C5ABB47E4 /* Pods_NyTimesAppTests.framework */; };
/* End PBXBuildFile section */

/* Begin PBXContainerItemProxy section */
		8A4D5244255BC50400B68785 /* PBXContainerItemProxy */ = {
			isa = PBXContainerItemProxy;
			containerPortal = 8A4D5225255BC50100B68785 /* Project object */;
			proxyType = 1;
			remoteGlobalIDString = 8A4D522C255BC50100B68785;
			remoteInfo = NyTimesApp;
		};
		8A4D524F255BC50500B68785 /* PBXContainerItemProxy */ = {
			isa = PBXContainerItemProxy;
			containerPortal = 8A4D5225255BC50100B68785 /* Project object */;
			proxyType = 1;
			remoteGlobalIDString = 8A4D522C255BC50100B68785;
			remoteInfo = NyTimesApp;
		};
/* End PBXContainerItemProxy section */

/* Begin PBXFileReference section */
		05B44D7BC1007718879DD4F5 /* Pods-NyTimesAppTests.release.xcconfig */ = {isa = PBXFileReference; includeInIndex = 1; lastKnownFileType = text.xcconfig; name = "Pods-NyTimesAppTests.release.xcconfig"; path = "Target Support Files/Pods-NyTimesAppTests/Pods-NyTimesAppTests.release.xcconfig"; sourceTree = "<group>"; };
		46A565E087509FF1A6AAED13 /* Pods_NyTimesApp.framework */ = {isa = PBXFileReference; explicitFileType = wrapper.framework; includeInIndex = 0; path = Pods_NyTimesApp.framework; sourceTree = BUILT_PRODUCTS_DIR; };
		4B3105A514C72F838391AFE9 /* Pods-NyTimesApp.debug.xcconfig */ = {isa = PBXFileReference; includeInIndex = 1; lastKnownFileType = text.xcconfig; name = "Pods-NyTimesApp.debug.xcconfig"; path = "Target Support Files/Pods-NyTimesApp/Pods-NyTimesApp.debug.xcconfig"; sourceTree = "<group>"; };
		74F969D2E68881ABAB5E2969 /* Pods-NyTimesApp-NyTimesAppUITests.release.xcconfig */ = {isa = PBXFileReference; includeInIndex = 1; lastKnownFileType = text.xcconfig; name = "Pods-NyTimesApp-NyTimesAppUITests.release.xcconfig"; path = "Target Support Files/Pods-NyTimesApp-NyTimesAppUITests/Pods-NyTimesApp-NyTimesAppUITests.release.xcconfig"; sourceTree = "<group>"; };
		7AD9133B19E3439C5ABB47E4 /* Pods_NyTimesAppTests.framework */ = {isa = PBXFileReference; explicitFileType = wrapper.framework; includeInIndex = 0; path = Pods_NyTimesAppTests.framework; sourceTree = BUILT_PRODUCTS_DIR; };
		8A4D522D255BC50100B68785 /* NyTimesApp.app */ = {isa = PBXFileReference; explicitFileType = wrapper.application; includeInIndex = 0; path = NyTimesApp.app; sourceTree = BUILT_PRODUCTS_DIR; };
		8A4D5230255BC50100B68785 /* AppDelegate.swift */ = {isa = PBXFileReference; lastKnownFileType = sourcecode.swift; path = AppDelegate.swift; sourceTree = "<group>"; };
		8A4D5232255BC50100B68785 /* SceneDelegate.swift */ = {isa = PBXFileReference; lastKnownFileType = sourcecode.swift; path = SceneDelegate.swift; sourceTree = "<group>"; };
		8A4D5237255BC50100B68785 /* Base */ = {isa = PBXFileReference; lastKnownFileType = file.storyboard; name = Base; path = Base.lproj/Main.storyboard; sourceTree = "<group>"; };
		8A4D5239255BC50400B68785 /* Assets.xcassets */ = {isa = PBXFileReference; lastKnownFileType = folder.assetcatalog; path = Assets.xcassets; sourceTree = "<group>"; };
		8A4D523C255BC50400B68785 /* Base */ = {isa = PBXFileReference; lastKnownFileType = file.storyboard; name = Base; path = Base.lproj/LaunchScreen.storyboard; sourceTree = "<group>"; };
		8A4D523E255BC50400B68785 /* Info.plist */ = {isa = PBXFileReference; lastKnownFileType = text.plist.xml; path = Info.plist; sourceTree = "<group>"; };
		8A4D5243255BC50400B68785 /* NyTimesAppTests.xctest */ = {isa = PBXFileReference; explicitFileType = wrapper.cfbundle; includeInIndex = 0; path = NyTimesAppTests.xctest; sourceTree = BUILT_PRODUCTS_DIR; };
		8A4D5247255BC50400B68785 /* NyTimesAppTests.swift */ = {isa = PBXFileReference; lastKnownFileType = sourcecode.swift; path = NyTimesAppTests.swift; sourceTree = "<group>"; };
		8A4D5249255BC50400B68785 /* Info.plist */ = {isa = PBXFileReference; lastKnownFileType = text.plist.xml; path = Info.plist; sourceTree = "<group>"; };
		8A4D524E255BC50400B68785 /* NyTimesAppUITests.xctest */ = {isa = PBXFileReference; explicitFileType = wrapper.cfbundle; includeInIndex = 0; path = NyTimesAppUITests.xctest; sourceTree = BUILT_PRODUCTS_DIR; };
		8A4D5252255BC50500B68785 /* NyTimesAppUITests.swift */ = {isa = PBXFileReference; lastKnownFileType = sourcecode.swift; path = NyTimesAppUITests.swift; sourceTree = "<group>"; };
		8A4D5254255BC50500B68785 /* Info.plist */ = {isa = PBXFileReference; lastKnownFileType = text.plist.xml; path = Info.plist; sourceTree = "<group>"; };
		8A4D5280255D1A0200B68785 /* URLRequest+Resource.swift */ = {isa = PBXFileReference; fileEncoding = 4; lastKnownFileType = sourcecode.swift; path = "URLRequest+Resource.swift"; sourceTree = "<group>"; };
		8A4D5286255D1A0200B68785 /* PopularArticlesListViewModel.swift */ = {isa = PBXFileReference; fileEncoding = 4; lastKnownFileType = sourcecode.swift; path = PopularArticlesListViewModel.swift; sourceTree = "<group>"; };
		8A4D5288255D1A0200B68785 /* PopularArticlesListViewController.swift */ = {isa = PBXFileReference; fileEncoding = 4; lastKnownFileType = sourcecode.swift; path = PopularArticlesListViewController.swift; sourceTree = "<group>"; };
		8A4D5289255D1A0200B68785 /* PopularArticleTableViewCell.swift */ = {isa = PBXFileReference; fileEncoding = 4; lastKnownFileType = sourcecode.swift; path = PopularArticleTableViewCell.swift; sourceTree = "<group>"; };
		8A4D528B255D1A0200B68785 /* PopularArticlesModel.swift */ = {isa = PBXFileReference; fileEncoding = 4; lastKnownFileType = sourcecode.swift; path = PopularArticlesModel.swift; sourceTree = "<group>"; };
		8A4D528E255D1A0200B68785 /* PopularArticlesService.swift */ = {isa = PBXFileReference; fileEncoding = 4; lastKnownFileType = sourcecode.swift; path = PopularArticlesService.swift; sourceTree = "<group>"; };
		8A4D5290255D1A0200B68785 /* Result.swift */ = {isa = PBXFileReference; fileEncoding = 4; lastKnownFileType = sourcecode.swift; path = Result.swift; sourceTree = "<group>"; };
		8A4D5292255D1A0200B68785 /* NetworkManager.swift */ = {isa = PBXFileReference; fileEncoding = 4; lastKnownFileType = sourcecode.swift; path = NetworkManager.swift; sourceTree = "<group>"; };
		8A4D5294255D1A0200B68785 /* Resource.swift */ = {isa = PBXFileReference; fileEncoding = 4; lastKnownFileType = sourcecode.swift; path = Resource.swift; sourceTree = "<group>"; };
		8A4D529E255D37C200B68785 /* APIServiceTest.swift */ = {isa = PBXFileReference; lastKnownFileType = sourcecode.swift; path = APIServiceTest.swift; sourceTree = "<group>"; };
		8A4D52A0255D41E400B68785 /* PopularArticlesViewModelTest.swift */ = {isa = PBXFileReference; lastKnownFileType = sourcecode.swift; path = PopularArticlesViewModelTest.swift; sourceTree = "<group>"; };
		8A535EC6255E517C008A8318 /* PopularArticlesDetailViewController.swift */ = {isa = PBXFileReference; lastKnownFileType = sourcecode.swift; path = PopularArticlesDetailViewController.swift; sourceTree = "<group>"; };
		8A535ECB255E8F63008A8318 /* ArticleListProtocol.swift */ = {isa = PBXFileReference; lastKnownFileType = sourcecode.swift; path = ArticleListProtocol.swift; sourceTree = "<group>"; };
		8A535ED0255E94DF008A8318 /* PopularArticlesListAdapter.swift */ = {isa = PBXFileReference; lastKnownFileType = sourcecode.swift; path = PopularArticlesListAdapter.swift; sourceTree = "<group>"; };
		8A535ED3255EC5D9008A8318 /* Constants.swift */ = {isa = PBXFileReference; lastKnownFileType = sourcecode.swift; path = Constants.swift; sourceTree = "<group>"; };
		8A535ED5255EC5F0008A8318 /* Strings.swift */ = {isa = PBXFileReference; lastKnownFileType = sourcecode.swift; path = Strings.swift; sourceTree = "<group>"; };
		8A5C349B2B66C9F2006E9697 /* AppApperance.swift */ = {isa = PBXFileReference; lastKnownFileType = sourcecode.swift; path = AppApperance.swift; sourceTree = "<group>"; };
		8A751E672B64F336004D85F8 /* DependencyContainer.swift */ = {isa = PBXFileReference; lastKnownFileType = sourcecode.swift; path = DependencyContainer.swift; sourceTree = "<group>"; };
		AFCCEE1108C4895114498F3A /* Pods-NyTimesApp-NyTimesAppUITests.debug.xcconfig */ = {isa = PBXFileReference; includeInIndex = 1; lastKnownFileType = text.xcconfig; name = "Pods-NyTimesApp-NyTimesAppUITests.debug.xcconfig"; path = "Target Support Files/Pods-NyTimesApp-NyTimesAppUITests/Pods-NyTimesApp-NyTimesAppUITests.debug.xcconfig"; sourceTree = "<group>"; };
		B665DED0DB6F9F283E33077C /* Pods-NyTimesAppTests.debug.xcconfig */ = {isa = PBXFileReference; includeInIndex = 1; lastKnownFileType = text.xcconfig; name = "Pods-NyTimesAppTests.debug.xcconfig"; path = "Target Support Files/Pods-NyTimesAppTests/Pods-NyTimesAppTests.debug.xcconfig"; sourceTree = "<group>"; };
		E3EFA40F8D712AF1FD3AE363 /* Pods-NyTimesApp.release.xcconfig */ = {isa = PBXFileReference; includeInIndex = 1; lastKnownFileType = text.xcconfig; name = "Pods-NyTimesApp.release.xcconfig"; path = "Target Support Files/Pods-NyTimesApp/Pods-NyTimesApp.release.xcconfig"; sourceTree = "<group>"; };
		F997FC613EB39F05DA4821A3 /* Pods_NyTimesApp_NyTimesAppUITests.framework */ = {isa = PBXFileReference; explicitFileType = wrapper.framework; includeInIndex = 0; path = Pods_NyTimesApp_NyTimesAppUITests.framework; sourceTree = BUILT_PRODUCTS_DIR; };
/* End PBXFileReference section */

/* Begin PBXFrameworksBuildPhase section */
		8A4D522A255BC50100B68785 /* Frameworks */ = {
			isa = PBXFrameworksBuildPhase;
			buildActionMask = 2147483647;
			files = (
				94B8D7231F072846C4057197 /* Pods_NyTimesApp.framework in Frameworks */,
			);
			runOnlyForDeploymentPostprocessing = 0;
		};
		8A4D5240255BC50400B68785 /* Frameworks */ = {
			isa = PBXFrameworksBuildPhase;
			buildActionMask = 2147483647;
			files = (
				EFF95FE02118D304D7A5DABC /* Pods_NyTimesAppTests.framework in Frameworks */,
			);
			runOnlyForDeploymentPostprocessing = 0;
		};
		8A4D524B255BC50400B68785 /* Frameworks */ = {
			isa = PBXFrameworksBuildPhase;
			buildActionMask = 2147483647;
			files = (
				A18EC27CE6A41C815F105A2D /* Pods_NyTimesApp_NyTimesAppUITests.framework in Frameworks */,
			);
			runOnlyForDeploymentPostprocessing = 0;
		};
/* End PBXFrameworksBuildPhase section */

/* Begin PBXGroup section */
		15B306E22DFA6A4D1EAA3D2F /* Frameworks */ = {
			isa = PBXGroup;
			children = (
				46A565E087509FF1A6AAED13 /* Pods_NyTimesApp.framework */,
				F997FC613EB39F05DA4821A3 /* Pods_NyTimesApp_NyTimesAppUITests.framework */,
				7AD9133B19E3439C5ABB47E4 /* Pods_NyTimesAppTests.framework */,
			);
			name = Frameworks;
			sourceTree = "<group>";
		};
		2049BBCC0F51E5DDD027ED6D /* Pods */ = {
			isa = PBXGroup;
			children = (
				4B3105A514C72F838391AFE9 /* Pods-NyTimesApp.debug.xcconfig */,
				E3EFA40F8D712AF1FD3AE363 /* Pods-NyTimesApp.release.xcconfig */,
				AFCCEE1108C4895114498F3A /* Pods-NyTimesApp-NyTimesAppUITests.debug.xcconfig */,
				74F969D2E68881ABAB5E2969 /* Pods-NyTimesApp-NyTimesAppUITests.release.xcconfig */,
				B665DED0DB6F9F283E33077C /* Pods-NyTimesAppTests.debug.xcconfig */,
				05B44D7BC1007718879DD4F5 /* Pods-NyTimesAppTests.release.xcconfig */,
			);
			path = Pods;
			sourceTree = "<group>";
		};
		8A4D5224255BC50100B68785 = {
			isa = PBXGroup;
			children = (
				8A4D522F255BC50100B68785 /* NyTimesApp */,
				8A4D5246255BC50400B68785 /* NyTimesAppTests */,
				8A4D5251255BC50500B68785 /* NyTimesAppUITests */,
				8A4D522E255BC50100B68785 /* Products */,
				2049BBCC0F51E5DDD027ED6D /* Pods */,
				15B306E22DFA6A4D1EAA3D2F /* Frameworks */,
			);
			sourceTree = "<group>";
		};
		8A4D522E255BC50100B68785 /* Products */ = {
			isa = PBXGroup;
			children = (
				8A4D522D255BC50100B68785 /* NyTimesApp.app */,
				8A4D5243255BC50400B68785 /* NyTimesAppTests.xctest */,
				8A4D524E255BC50400B68785 /* NyTimesAppUITests.xctest */,
			);
			name = Products;
			sourceTree = "<group>";
		};
		8A4D522F255BC50100B68785 /* NyTimesApp */ = {
			isa = PBXGroup;
			children = (
				8A5C349D2B66CA64006E9697 /* NetworkManager */,
				8A5C349A2B66C9DD006E9697 /* Application */,
				8A535ED2255EC5C7008A8318 /* Resources */,
				8A4D527F255D1A0200B68785 /* Extensions */,
				8A4D5281255D1A0200B68785 /* Modules */,
				8A4D528C255D1A0200B68785 /* Service */,
				8A4D523E255BC50400B68785 /* Info.plist */,
			);
			path = NyTimesApp;
			sourceTree = "<group>";
		};
		8A4D5246255BC50400B68785 /* NyTimesAppTests */ = {
			isa = PBXGroup;
			children = (
				8A4D5247255BC50400B68785 /* NyTimesAppTests.swift */,
				8A4D5249255BC50400B68785 /* Info.plist */,
				8A4D529E255D37C200B68785 /* APIServiceTest.swift */,
				8A4D52A0255D41E400B68785 /* PopularArticlesViewModelTest.swift */,
			);
			path = NyTimesAppTests;
			sourceTree = "<group>";
		};
		8A4D5251255BC50500B68785 /* NyTimesAppUITests */ = {
			isa = PBXGroup;
			children = (
				8A4D5252255BC50500B68785 /* NyTimesAppUITests.swift */,
				8A4D5254255BC50500B68785 /* Info.plist */,
			);
			path = NyTimesAppUITests;
			sourceTree = "<group>";
		};
		8A4D527F255D1A0200B68785 /* Extensions */ = {
			isa = PBXGroup;
			children = (
				8A4D5280255D1A0200B68785 /* URLRequest+Resource.swift */,
			);
			path = Extensions;
			sourceTree = "<group>";
		};
		8A4D5281255D1A0200B68785 /* Modules */ = {
			isa = PBXGroup;
			children = (
				8A4D5282255D1A0200B68785 /* PopularArtcilesDetail */,
				8A4D5284255D1A0200B68785 /* PopularArtcilesLIst */,
			);
			path = Modules;
			sourceTree = "<group>";
		};
		8A4D5282255D1A0200B68785 /* PopularArtcilesDetail */ = {
			isa = PBXGroup;
			children = (
				8A4D5283255D1A0200B68785 /* View */,
			);
			path = PopularArtcilesDetail;
			sourceTree = "<group>";
		};
		8A4D5283255D1A0200B68785 /* View */ = {
			isa = PBXGroup;
			children = (
				8A535EC6255E517C008A8318 /* PopularArticlesDetailViewController.swift */,
			);
			path = View;
			sourceTree = "<group>";
		};
		8A4D5284255D1A0200B68785 /* PopularArtcilesLIst */ = {
			isa = PBXGroup;
			children = (
				8A751E662B64F32A004D85F8 /* DependencyContainer */,
				8A4D528A255D1A0200B68785 /* Model */,
				8A535ECD255E8F81008A8318 /* Adapter */,
				8A535ECA255E8666008A8318 /* Protocol */,
				8A4D5285255D1A0200B68785 /* ViewModel */,
				8A4D5287255D1A0200B68785 /* View */,
			);
			path = PopularArtcilesLIst;
			sourceTree = "<group>";
		};
		8A4D5285255D1A0200B68785 /* ViewModel */ = {
			isa = PBXGroup;
			children = (
				8A4D5286255D1A0200B68785 /* PopularArticlesListViewModel.swift */,
			);
			path = ViewModel;
			sourceTree = "<group>";
		};
		8A4D5287255D1A0200B68785 /* View */ = {
			isa = PBXGroup;
			children = (
				8A751E692B64FB5F004D85F8 /* Controller */,
				8A751E6A2B64FB65004D85F8 /* TableCells */,
			);
			path = View;
			sourceTree = "<group>";
		};
		8A4D528A255D1A0200B68785 /* Model */ = {
			isa = PBXGroup;
			children = (
				8A4D528B255D1A0200B68785 /* PopularArticlesModel.swift */,
			);
			path = Model;
			sourceTree = "<group>";
		};
		8A4D528C255D1A0200B68785 /* Service */ = {
			isa = PBXGroup;
			children = (
				8A4D528D255D1A0200B68785 /* PopularArticlesService */,
				8A4D528F255D1A0200B68785 /* Result */,
				8A4D5293255D1A0200B68785 /* Resource */,
			);
			path = Service;
			sourceTree = "<group>";
		};
		8A4D528D255D1A0200B68785 /* PopularArticlesService */ = {
			isa = PBXGroup;
			children = (
				8A4D528E255D1A0200B68785 /* PopularArticlesService.swift */,
			);
			path = PopularArticlesService;
			sourceTree = "<group>";
		};
		8A4D528F255D1A0200B68785 /* Result */ = {
			isa = PBXGroup;
			children = (
				8A4D5290255D1A0200B68785 /* Result.swift */,
			);
			path = Result;
			sourceTree = "<group>";
		};
		8A4D5293255D1A0200B68785 /* Resource */ = {
			isa = PBXGroup;
			children = (
				8A4D5294255D1A0200B68785 /* Resource.swift */,
			);
			path = Resource;
			sourceTree = "<group>";
		};
		8A535ECA255E8666008A8318 /* Protocol */ = {
			isa = PBXGroup;
			children = (
				8A535ECB255E8F63008A8318 /* ArticleListProtocol.swift */,
			);
			path = Protocol;
			sourceTree = "<group>";
		};
		8A535ECD255E8F81008A8318 /* Adapter */ = {
			isa = PBXGroup;
			children = (
				8A535ED0255E94DF008A8318 /* PopularArticlesListAdapter.swift */,
			);
			path = Adapter;
			sourceTree = "<group>";
		};
		8A535ED2255EC5C7008A8318 /* Resources */ = {
			isa = PBXGroup;
			children = (
				8A4D5236255BC50100B68785 /* Main.storyboard */,
				8A4D5239255BC50400B68785 /* Assets.xcassets */,
				8A4D523B255BC50400B68785 /* LaunchScreen.storyboard */,
				8A535ED3255EC5D9008A8318 /* Constants.swift */,
				8A535ED5255EC5F0008A8318 /* Strings.swift */,
			);
			path = Resources;
			sourceTree = "<group>";
		};
		8A5C349A2B66C9DD006E9697 /* Application */ = {
			isa = PBXGroup;
			children = (
				8A5C349B2B66C9F2006E9697 /* AppApperance.swift */,
				8A4D5230255BC50100B68785 /* AppDelegate.swift */,
				8A4D5232255BC50100B68785 /* SceneDelegate.swift */,
			);
			path = Application;
			sourceTree = "<group>";
		};
		8A5C349D2B66CA64006E9697 /* NetworkManager */ = {
			isa = PBXGroup;
			children = (
				8A4D5292255D1A0200B68785 /* NetworkManager.swift */,
			);
			path = NetworkManager;
			sourceTree = "<group>";
		};
		8A751E662B64F32A004D85F8 /* DependencyContainer */ = {
			isa = PBXGroup;
			children = (
				8A751E672B64F336004D85F8 /* DependencyContainer.swift */,
			);
			path = DependencyContainer;
			sourceTree = "<group>";
		};
		8A751E692B64FB5F004D85F8 /* Controller */ = {
			isa = PBXGroup;
			children = (
				8A4D5288255D1A0200B68785 /* PopularArticlesListViewController.swift */,
			);
			path = Controller;
			sourceTree = "<group>";
		};
		8A751E6A2B64FB65004D85F8 /* TableCells */ = {
			isa = PBXGroup;
			children = (
				8A4D5289255D1A0200B68785 /* PopularArticleTableViewCell.swift */,
			);
			path = TableCells;
			sourceTree = "<group>";
		};
/* End PBXGroup section */

/* Begin PBXNativeTarget section */
		8A4D522C255BC50100B68785 /* NyTimesApp */ = {
			isa = PBXNativeTarget;
			buildConfigurationList = 8A4D5257255BC50500B68785 /* Build configuration list for PBXNativeTarget "NyTimesApp" */;
			buildPhases = (
				1FB7F59C6B48EA5DA9E05D32 /* [CP] Check Pods Manifest.lock */,
				8A4D5229255BC50100B68785 /* Sources */,
				8A4D522A255BC50100B68785 /* Frameworks */,
				8A4D522B255BC50100B68785 /* Resources */,
				9B0B794815CCEE861B9B75C4 /* [CP] Embed Pods Frameworks */,
			);
			buildRules = (
			);
			dependencies = (
			);
			name = NyTimesApp;
			productName = NyTimesApp;
			productReference = 8A4D522D255BC50100B68785 /* NyTimesApp.app */;
			productType = "com.apple.product-type.application";
		};
		8A4D5242255BC50400B68785 /* NyTimesAppTests */ = {
			isa = PBXNativeTarget;
			buildConfigurationList = 8A4D525A255BC50500B68785 /* Build configuration list for PBXNativeTarget "NyTimesAppTests" */;
			buildPhases = (
				6D63C8F3F2C2717159AEDBD3 /* [CP] Check Pods Manifest.lock */,
				8A4D523F255BC50400B68785 /* Sources */,
				8A4D5240255BC50400B68785 /* Frameworks */,
				8A4D5241255BC50400B68785 /* Resources */,
			);
			buildRules = (
			);
			dependencies = (
				8A4D5245255BC50400B68785 /* PBXTargetDependency */,
			);
			name = NyTimesAppTests;
			productName = NyTimesAppTests;
			productReference = 8A4D5243255BC50400B68785 /* NyTimesAppTests.xctest */;
			productType = "com.apple.product-type.bundle.unit-test";
		};
		8A4D524D255BC50400B68785 /* NyTimesAppUITests */ = {
			isa = PBXNativeTarget;
			buildConfigurationList = 8A4D525D255BC50500B68785 /* Build configuration list for PBXNativeTarget "NyTimesAppUITests" */;
			buildPhases = (
				F35278FC899E4F17B32A9603 /* [CP] Check Pods Manifest.lock */,
				8A4D524A255BC50400B68785 /* Sources */,
				8A4D524B255BC50400B68785 /* Frameworks */,
				8A4D524C255BC50400B68785 /* Resources */,
				BF8C8F264A039F3785312D4B /* [CP] Embed Pods Frameworks */,
			);
			buildRules = (
			);
			dependencies = (
				8A4D5250255BC50500B68785 /* PBXTargetDependency */,
			);
			name = NyTimesAppUITests;
			productName = NyTimesAppUITests;
			productReference = 8A4D524E255BC50400B68785 /* NyTimesAppUITests.xctest */;
			productType = "com.apple.product-type.bundle.ui-testing";
		};
/* End PBXNativeTarget section */

/* Begin PBXProject section */
		8A4D5225255BC50100B68785 /* Project object */ = {
			isa = PBXProject;
			attributes = {
				LastSwiftUpdateCheck = 1170;
				LastUpgradeCheck = 1170;
				ORGANIZATIONNAME = Alok;
				TargetAttributes = {
					8A4D522C255BC50100B68785 = {
						CreatedOnToolsVersion = 11.7;
					};
					8A4D5242255BC50400B68785 = {
						CreatedOnToolsVersion = 11.7;
						TestTargetID = 8A4D522C255BC50100B68785;
					};
					8A4D524D255BC50400B68785 = {
						CreatedOnToolsVersion = 11.7;
						TestTargetID = 8A4D522C255BC50100B68785;
					};
				};
			};
			buildConfigurationList = 8A4D5228255BC50100B68785 /* Build configuration list for PBXProject "NyTimesApp" */;
			compatibilityVersion = "Xcode 9.3";
			developmentRegion = en;
			hasScannedForEncodings = 0;
			knownRegions = (
				en,
				Base,
			);
			mainGroup = 8A4D5224255BC50100B68785;
			productRefGroup = 8A4D522E255BC50100B68785 /* Products */;
			projectDirPath = "";
			projectRoot = "";
			targets = (
				8A4D522C255BC50100B68785 /* NyTimesApp */,
				8A4D5242255BC50400B68785 /* NyTimesAppTests */,
				8A4D524D255BC50400B68785 /* NyTimesAppUITests */,
			);
		};
/* End PBXProject section */

/* Begin PBXResourcesBuildPhase section */
		8A4D522B255BC50100B68785 /* Resources */ = {
			isa = PBXResourcesBuildPhase;
			buildActionMask = 2147483647;
			files = (
				8A4D523D255BC50400B68785 /* LaunchScreen.storyboard in Resources */,
				8A4D523A255BC50400B68785 /* Assets.xcassets in Resources */,
				8A4D5238255BC50100B68785 /* Main.storyboard in Resources */,
			);
			runOnlyForDeploymentPostprocessing = 0;
		};
		8A4D5241255BC50400B68785 /* Resources */ = {
			isa = PBXResourcesBuildPhase;
			buildActionMask = 2147483647;
			files = (
			);
			runOnlyForDeploymentPostprocessing = 0;
		};
		8A4D524C255BC50400B68785 /* Resources */ = {
			isa = PBXResourcesBuildPhase;
			buildActionMask = 2147483647;
			files = (
			);
			runOnlyForDeploymentPostprocessing = 0;
		};
/* End PBXResourcesBuildPhase section */

/* Begin PBXShellScriptBuildPhase section */
		1FB7F59C6B48EA5DA9E05D32 /* [CP] Check Pods Manifest.lock */ = {
			isa = PBXShellScriptBuildPhase;
			buildActionMask = 2147483647;
			files = (
			);
			inputFileListPaths = (
			);
			inputPaths = (
				"${PODS_PODFILE_DIR_PATH}/Podfile.lock",
				"${PODS_ROOT}/Manifest.lock",
			);
			name = "[CP] Check Pods Manifest.lock";
			outputFileListPaths = (
			);
			outputPaths = (
				"$(DERIVED_FILE_DIR)/Pods-NyTimesApp-checkManifestLockResult.txt",
			);
			runOnlyForDeploymentPostprocessing = 0;
			shellPath = /bin/sh;
			shellScript = "diff \"${PODS_PODFILE_DIR_PATH}/Podfile.lock\" \"${PODS_ROOT}/Manifest.lock\" > /dev/null\nif [ $? != 0 ] ; then\n    # print error to STDERR\n    echo \"error: The sandbox is not in sync with the Podfile.lock. Run 'pod install' or update your CocoaPods installation.\" >&2\n    exit 1\nfi\n# This output is used by Xcode 'outputs' to avoid re-running this script phase.\necho \"SUCCESS\" > \"${SCRIPT_OUTPUT_FILE_0}\"\n";
			showEnvVarsInLog = 0;
		};
		6D63C8F3F2C2717159AEDBD3 /* [CP] Check Pods Manifest.lock */ = {
			isa = PBXShellScriptBuildPhase;
			buildActionMask = 2147483647;
			files = (
			);
			inputFileListPaths = (
			);
			inputPaths = (
				"${PODS_PODFILE_DIR_PATH}/Podfile.lock",
				"${PODS_ROOT}/Manifest.lock",
			);
			name = "[CP] Check Pods Manifest.lock";
			outputFileListPaths = (
			);
			outputPaths = (
				"$(DERIVED_FILE_DIR)/Pods-NyTimesAppTests-checkManifestLockResult.txt",
			);
			runOnlyForDeploymentPostprocessing = 0;
			shellPath = /bin/sh;
			shellScript = "diff \"${PODS_PODFILE_DIR_PATH}/Podfile.lock\" \"${PODS_ROOT}/Manifest.lock\" > /dev/null\nif [ $? != 0 ] ; then\n    # print error to STDERR\n    echo \"error: The sandbox is not in sync with the Podfile.lock. Run 'pod install' or update your CocoaPods installation.\" >&2\n    exit 1\nfi\n# This output is used by Xcode 'outputs' to avoid re-running this script phase.\necho \"SUCCESS\" > \"${SCRIPT_OUTPUT_FILE_0}\"\n";
			showEnvVarsInLog = 0;
		};
		9B0B794815CCEE861B9B75C4 /* [CP] Embed Pods Frameworks */ = {
			isa = PBXShellScriptBuildPhase;
			buildActionMask = 2147483647;
			files = (
			);
			inputFileListPaths = (
				"${PODS_ROOT}/Target Support Files/Pods-NyTimesApp/Pods-NyTimesApp-frameworks-${CONFIGURATION}-input-files.xcfilelist",
			);
			name = "[CP] Embed Pods Frameworks";
			outputFileListPaths = (
				"${PODS_ROOT}/Target Support Files/Pods-NyTimesApp/Pods-NyTimesApp-frameworks-${CONFIGURATION}-output-files.xcfilelist",
			);
			runOnlyForDeploymentPostprocessing = 0;
			shellPath = /bin/sh;
			shellScript = "\"${PODS_ROOT}/Target Support Files/Pods-NyTimesApp/Pods-NyTimesApp-frameworks.sh\"\n";
			showEnvVarsInLog = 0;
		};
		BF8C8F264A039F3785312D4B /* [CP] Embed Pods Frameworks */ = {
			isa = PBXShellScriptBuildPhase;
			buildActionMask = 2147483647;
			files = (
			);
			inputFileListPaths = (
				"${PODS_ROOT}/Target Support Files/Pods-NyTimesApp-NyTimesAppUITests/Pods-NyTimesApp-NyTimesAppUITests-frameworks-${CONFIGURATION}-input-files.xcfilelist",
			);
			name = "[CP] Embed Pods Frameworks";
			outputFileListPaths = (
				"${PODS_ROOT}/Target Support Files/Pods-NyTimesApp-NyTimesAppUITests/Pods-NyTimesApp-NyTimesAppUITests-frameworks-${CONFIGURATION}-output-files.xcfilelist",
			);
			runOnlyForDeploymentPostprocessing = 0;
			shellPath = /bin/sh;
			shellScript = "\"${PODS_ROOT}/Target Support Files/Pods-NyTimesApp-NyTimesAppUITests/Pods-NyTimesApp-NyTimesAppUITests-frameworks.sh\"\n";
			showEnvVarsInLog = 0;
		};
		F35278FC899E4F17B32A9603 /* [CP] Check Pods Manifest.lock */ = {
			isa = PBXShellScriptBuildPhase;
			buildActionMask = 2147483647;
			files = (
			);
			inputFileListPaths = (
			);
			inputPaths = (
				"${PODS_PODFILE_DIR_PATH}/Podfile.lock",
				"${PODS_ROOT}/Manifest.lock",
			);
			name = "[CP] Check Pods Manifest.lock";
			outputFileListPaths = (
			);
			outputPaths = (
				"$(DERIVED_FILE_DIR)/Pods-NyTimesApp-NyTimesAppUITests-checkManifestLockResult.txt",
			);
			runOnlyForDeploymentPostprocessing = 0;
			shellPath = /bin/sh;
			shellScript = "diff \"${PODS_PODFILE_DIR_PATH}/Podfile.lock\" \"${PODS_ROOT}/Manifest.lock\" > /dev/null\nif [ $? != 0 ] ; then\n    # print error to STDERR\n    echo \"error: The sandbox is not in sync with the Podfile.lock. Run 'pod install' or update your CocoaPods installation.\" >&2\n    exit 1\nfi\n# This output is used by Xcode 'outputs' to avoid re-running this script phase.\necho \"SUCCESS\" > \"${SCRIPT_OUTPUT_FILE_0}\"\n";
			showEnvVarsInLog = 0;
		};
/* End PBXShellScriptBuildPhase section */

/* Begin PBXSourcesBuildPhase section */
		8A4D5229255BC50100B68785 /* Sources */ = {
			isa = PBXSourcesBuildPhase;
			buildActionMask = 2147483647;
			files = (
				8A4D5299255D1A0200B68785 /* PopularArticlesModel.swift in Sources */,
				8A5C349C2B66C9F2006E9697 /* AppApperance.swift in Sources */,
				8A4D5297255D1A0200B68785 /* PopularArticlesListViewController.swift in Sources */,
				8A535ED6255EC5F0008A8318 /* Strings.swift in Sources */,
				8A4D5231255BC50100B68785 /* AppDelegate.swift in Sources */,
				8A535ECC255E8F63008A8318 /* ArticleListProtocol.swift in Sources */,
				8A4D5233255BC50100B68785 /* SceneDelegate.swift in Sources */,
				8A535ED4255EC5DA008A8318 /* Constants.swift in Sources */,
				8A4D529C255D1A0200B68785 /* NetworkManager.swift in Sources */,
				8A535ED1255E94DF008A8318 /* PopularArticlesListAdapter.swift in Sources */,
				8A4D5296255D1A0200B68785 /* PopularArticlesListViewModel.swift in Sources */,
				8A4D529B255D1A0200B68785 /* Result.swift in Sources */,
				8A4D529A255D1A0200B68785 /* PopularArticlesService.swift in Sources */,
				8A4D529D255D1A0200B68785 /* Resource.swift in Sources */,
				8A751E682B64F336004D85F8 /* DependencyContainer.swift in Sources */,
				8A4D5298255D1A0200B68785 /* PopularArticleTableViewCell.swift in Sources */,
				8A4D5295255D1A0200B68785 /* URLRequest+Resource.swift in Sources */,
				8A535EC7255E517C008A8318 /* PopularArticlesDetailViewController.swift in Sources */,
			);
			runOnlyForDeploymentPostprocessing = 0;
		};
		8A4D523F255BC50400B68785 /* Sources */ = {
			isa = PBXSourcesBuildPhase;
			buildActionMask = 2147483647;
			files = (
				8A4D529F255D37C200B68785 /* APIServiceTest.swift in Sources */,
				8A4D52A1255D41E500B68785 /* PopularArticlesViewModelTest.swift in Sources */,
				8A4D5248255BC50400B68785 /* NyTimesAppTests.swift in Sources */,
			);
			runOnlyForDeploymentPostprocessing = 0;
		};
		8A4D524A255BC50400B68785 /* Sources */ = {
			isa = PBXSourcesBuildPhase;
			buildActionMask = 2147483647;
			files = (
				8A4D5253255BC50500B68785 /* NyTimesAppUITests.swift in Sources */,
			);
			runOnlyForDeploymentPostprocessing = 0;
		};
/* End PBXSourcesBuildPhase section */

/* Begin PBXTargetDependency section */
		8A4D5245255BC50400B68785 /* PBXTargetDependency */ = {
			isa = PBXTargetDependency;
			target = 8A4D522C255BC50100B68785 /* NyTimesApp */;
			targetProxy = 8A4D5244255BC50400B68785 /* PBXContainerItemProxy */;
		};
		8A4D5250255BC50500B68785 /* PBXTargetDependency */ = {
			isa = PBXTargetDependency;
			target = 8A4D522C255BC50100B68785 /* NyTimesApp */;
			targetProxy = 8A4D524F255BC50500B68785 /* PBXContainerItemProxy */;
		};
/* End PBXTargetDependency section */

/* Begin PBXVariantGroup section */
		8A4D5236255BC50100B68785 /* Main.storyboard */ = {
			isa = PBXVariantGroup;
			children = (
				8A4D5237255BC50100B68785 /* Base */,
			);
			name = Main.storyboard;
			sourceTree = "<group>";
		};
		8A4D523B255BC50400B68785 /* LaunchScreen.storyboard */ = {
			isa = PBXVariantGroup;
			children = (
				8A4D523C255BC50400B68785 /* Base */,
			);
			name = LaunchScreen.storyboard;
			sourceTree = "<group>";
		};
/* End PBXVariantGroup section */

/* Begin XCBuildConfiguration section */
		8A4D5255255BC50500B68785 /* Debug */ = {
			isa = XCBuildConfiguration;
			buildSettings = {
				ALWAYS_SEARCH_USER_PATHS = NO;
				CLANG_ANALYZER_NONNULL = YES;
				CLANG_ANALYZER_NUMBER_OBJECT_CONVERSION = YES_AGGRESSIVE;
				CLANG_CXX_LANGUAGE_STANDARD = "gnu++14";
				CLANG_CXX_LIBRARY = "libc++";
				CLANG_ENABLE_MODULES = YES;
				CLANG_ENABLE_OBJC_ARC = YES;
				CLANG_ENABLE_OBJC_WEAK = YES;
				CLANG_WARN_BLOCK_CAPTURE_AUTORELEASING = YES;
				CLANG_WARN_BOOL_CONVERSION = YES;
				CLANG_WARN_COMMA = YES;
				CLANG_WARN_CONSTANT_CONVERSION = YES;
				CLANG_WARN_DEPRECATED_OBJC_IMPLEMENTATIONS = YES;
				CLANG_WARN_DIRECT_OBJC_ISA_USAGE = YES_ERROR;
				CLANG_WARN_DOCUMENTATION_COMMENTS = YES;
				CLANG_WARN_EMPTY_BODY = YES;
				CLANG_WARN_ENUM_CONVERSION = YES;
				CLANG_WARN_INFINITE_RECURSION = YES;
				CLANG_WARN_INT_CONVERSION = YES;
				CLANG_WARN_NON_LITERAL_NULL_CONVERSION = YES;
				CLANG_WARN_OBJC_IMPLICIT_RETAIN_SELF = YES;
				CLANG_WARN_OBJC_LITERAL_CONVERSION = YES;
				CLANG_WARN_OBJC_ROOT_CLASS = YES_ERROR;
				CLANG_WARN_RANGE_LOOP_ANALYSIS = YES;
				CLANG_WARN_STRICT_PROTOTYPES = YES;
				CLANG_WARN_SUSPICIOUS_MOVE = YES;
				CLANG_WARN_UNGUARDED_AVAILABILITY = YES_AGGRESSIVE;
				CLANG_WARN_UNREACHABLE_CODE = YES;
				CLANG_WARN__DUPLICATE_METHOD_MATCH = YES;
				COPY_PHASE_STRIP = NO;
				DEBUG_INFORMATION_FORMAT = dwarf;
				ENABLE_STRICT_OBJC_MSGSEND = YES;
				ENABLE_TESTABILITY = YES;
				GCC_C_LANGUAGE_STANDARD = gnu11;
				GCC_DYNAMIC_NO_PIC = NO;
				GCC_NO_COMMON_BLOCKS = YES;
				GCC_OPTIMIZATION_LEVEL = 0;
				GCC_PREPROCESSOR_DEFINITIONS = (
					"DEBUG=1",
					"$(inherited)",
				);
				GCC_WARN_64_TO_32_BIT_CONVERSION = YES;
				GCC_WARN_ABOUT_RETURN_TYPE = YES_ERROR;
				GCC_WARN_UNDECLARED_SELECTOR = YES;
				GCC_WARN_UNINITIALIZED_AUTOS = YES_AGGRESSIVE;
				GCC_WARN_UNUSED_FUNCTION = YES;
				GCC_WARN_UNUSED_VARIABLE = YES;
				IPHONEOS_DEPLOYMENT_TARGET = 13.7;
				MTL_ENABLE_DEBUG_INFO = INCLUDE_SOURCE;
				MTL_FAST_MATH = YES;
				ONLY_ACTIVE_ARCH = YES;
				SDKROOT = iphoneos;
				SWIFT_ACTIVE_COMPILATION_CONDITIONS = DEBUG;
				SWIFT_OPTIMIZATION_LEVEL = "-Onone";
			};
			name = Debug;
		};
		8A4D5256255BC50500B68785 /* Release */ = {
			isa = XCBuildConfiguration;
			buildSettings = {
				ALWAYS_SEARCH_USER_PATHS = NO;
				CLANG_ANALYZER_NONNULL = YES;
				CLANG_ANALYZER_NUMBER_OBJECT_CONVERSION = YES_AGGRESSIVE;
				CLANG_CXX_LANGUAGE_STANDARD = "gnu++14";
				CLANG_CXX_LIBRARY = "libc++";
				CLANG_ENABLE_MODULES = YES;
				CLANG_ENABLE_OBJC_ARC = YES;
				CLANG_ENABLE_OBJC_WEAK = YES;
				CLANG_WARN_BLOCK_CAPTURE_AUTORELEASING = YES;
				CLANG_WARN_BOOL_CONVERSION = YES;
				CLANG_WARN_COMMA = YES;
				CLANG_WARN_CONSTANT_CONVERSION = YES;
				CLANG_WARN_DEPRECATED_OBJC_IMPLEMENTATIONS = YES;
				CLANG_WARN_DIRECT_OBJC_ISA_USAGE = YES_ERROR;
				CLANG_WARN_DOCUMENTATION_COMMENTS = YES;
				CLANG_WARN_EMPTY_BODY = YES;
				CLANG_WARN_ENUM_CONVERSION = YES;
				CLANG_WARN_INFINITE_RECURSION = YES;
				CLANG_WARN_INT_CONVERSION = YES;
				CLANG_WARN_NON_LITERAL_NULL_CONVERSION = YES;
				CLANG_WARN_OBJC_IMPLICIT_RETAIN_SELF = YES;
				CLANG_WARN_OBJC_LITERAL_CONVERSION = YES;
				CLANG_WARN_OBJC_ROOT_CLASS = YES_ERROR;
				CLANG_WARN_RANGE_LOOP_ANALYSIS = YES;
				CLANG_WARN_STRICT_PROTOTYPES = YES;
				CLANG_WARN_SUSPICIOUS_MOVE = YES;
				CLANG_WARN_UNGUARDED_AVAILABILITY = YES_AGGRESSIVE;
				CLANG_WARN_UNREACHABLE_CODE = YES;
				CLANG_WARN__DUPLICATE_METHOD_MATCH = YES;
				COPY_PHASE_STRIP = NO;
				DEBUG_INFORMATION_FORMAT = "dwarf-with-dsym";
				ENABLE_NS_ASSERTIONS = NO;
				ENABLE_STRICT_OBJC_MSGSEND = YES;
				GCC_C_LANGUAGE_STANDARD = gnu11;
				GCC_NO_COMMON_BLOCKS = YES;
				GCC_WARN_64_TO_32_BIT_CONVERSION = YES;
				GCC_WARN_ABOUT_RETURN_TYPE = YES_ERROR;
				GCC_WARN_UNDECLARED_SELECTOR = YES;
				GCC_WARN_UNINITIALIZED_AUTOS = YES_AGGRESSIVE;
				GCC_WARN_UNUSED_FUNCTION = YES;
				GCC_WARN_UNUSED_VARIABLE = YES;
				IPHONEOS_DEPLOYMENT_TARGET = 13.7;
				MTL_ENABLE_DEBUG_INFO = NO;
				MTL_FAST_MATH = YES;
				SDKROOT = iphoneos;
				SWIFT_COMPILATION_MODE = wholemodule;
				SWIFT_OPTIMIZATION_LEVEL = "-O";
				VALIDATE_PRODUCT = YES;
			};
			name = Release;
		};
		8A4D5258255BC50500B68785 /* Debug */ = {
			isa = XCBuildConfiguration;
			baseConfigurationReference = 4B3105A514C72F838391AFE9 /* Pods-NyTimesApp.debug.xcconfig */;
			buildSettings = {
				ASSETCATALOG_COMPILER_APPICON_NAME = AppIcon;
				CODE_SIGN_STYLE = Automatic;
				DEVELOPMENT_TEAM = ZSS587EDR4;
				INFOPLIST_FILE = NyTimesApp/Info.plist;
				IPHONEOS_DEPLOYMENT_TARGET = 13.0;
				LD_RUNPATH_SEARCH_PATHS = (
					"$(inherited)",
					"@executable_path/Frameworks",
				);
				PRODUCT_BUNDLE_IDENTIFIER = com.Alok.NyTimesApp;
				PRODUCT_NAME = "$(TARGET_NAME)";
				SWIFT_VERSION = 5.0;
				TARGETED_DEVICE_FAMILY = "1,2";
			};
			name = Debug;
		};
		8A4D5259255BC50500B68785 /* Release */ = {
			isa = XCBuildConfiguration;
			baseConfigurationReference = E3EFA40F8D712AF1FD3AE363 /* Pods-NyTimesApp.release.xcconfig */;
			buildSettings = {
				ASSETCATALOG_COMPILER_APPICON_NAME = AppIcon;
				CODE_SIGN_STYLE = Automatic;
				DEVELOPMENT_TEAM = ZSS587EDR4;
				INFOPLIST_FILE = NyTimesApp/Info.plist;
				IPHONEOS_DEPLOYMENT_TARGET = 13.0;
				LD_RUNPATH_SEARCH_PATHS = (
					"$(inherited)",
					"@executable_path/Frameworks",
				);
				PRODUCT_BUNDLE_IDENTIFIER = com.Alok.NyTimesApp;
				PRODUCT_NAME = "$(TARGET_NAME)";
				SWIFT_VERSION = 5.0;
				TARGETED_DEVICE_FAMILY = "1,2";
			};
			name = Release;
		};
		8A4D525B255BC50500B68785 /* Debug */ = {
			isa = XCBuildConfiguration;
			baseConfigurationReference = B665DED0DB6F9F283E33077C /* Pods-NyTimesAppTests.debug.xcconfig */;
			buildSettings = {
				ALWAYS_EMBED_SWIFT_STANDARD_LIBRARIES = YES;
				BUNDLE_LOADER = "$(TEST_HOST)";
				CODE_SIGN_STYLE = Automatic;
				INFOPLIST_FILE = NyTimesAppTests/Info.plist;
				IPHONEOS_DEPLOYMENT_TARGET = 13.7;
				LD_RUNPATH_SEARCH_PATHS = (
					"$(inherited)",
					"@executable_path/Frameworks",
					"@loader_path/Frameworks",
				);
				PRODUCT_BUNDLE_IDENTIFIER = com.Alok.NyTimesAppTests;
				PRODUCT_NAME = "$(TARGET_NAME)";
				SWIFT_VERSION = 5.0;
				TARGETED_DEVICE_FAMILY = "1,2";
				TEST_HOST = "$(BUILT_PRODUCTS_DIR)/NyTimesApp.app/NyTimesApp";
			};
			name = Debug;
		};
		8A4D525C255BC50500B68785 /* Release */ = {
			isa = XCBuildConfiguration;
			baseConfigurationReference = 05B44D7BC1007718879DD4F5 /* Pods-NyTimesAppTests.release.xcconfig */;
			buildSettings = {
				ALWAYS_EMBED_SWIFT_STANDARD_LIBRARIES = YES;
				BUNDLE_LOADER = "$(TEST_HOST)";
				CODE_SIGN_STYLE = Automatic;
				INFOPLIST_FILE = NyTimesAppTests/Info.plist;
				IPHONEOS_DEPLOYMENT_TARGET = 13.7;
				LD_RUNPATH_SEARCH_PATHS = (
					"$(inherited)",
					"@executable_path/Frameworks",
					"@loader_path/Frameworks",
				);
				PRODUCT_BUNDLE_IDENTIFIER = com.Alok.NyTimesAppTests;
				PRODUCT_NAME = "$(TARGET_NAME)";
				SWIFT_VERSION = 5.0;
				TARGETED_DEVICE_FAMILY = "1,2";
				TEST_HOST = "$(BUILT_PRODUCTS_DIR)/NyTimesApp.app/NyTimesApp";
			};
			name = Release;
		};
		8A4D525E255BC50500B68785 /* Debug */ = {
			isa = XCBuildConfiguration;
			baseConfigurationReference = AFCCEE1108C4895114498F3A /* Pods-NyTimesApp-NyTimesAppUITests.debug.xcconfig */;
			buildSettings = {
				ALWAYS_EMBED_SWIFT_STANDARD_LIBRARIES = YES;
				CODE_SIGN_STYLE = Automatic;
				INFOPLIST_FILE = NyTimesAppUITests/Info.plist;
				LD_RUNPATH_SEARCH_PATHS = (
					"$(inherited)",
					"@executable_path/Frameworks",
					"@loader_path/Frameworks",
				);
				PRODUCT_BUNDLE_IDENTIFIER = com.Alok.NyTimesAppUITests;
				PRODUCT_NAME = "$(TARGET_NAME)";
				SWIFT_VERSION = 5.0;
				TARGETED_DEVICE_FAMILY = "1,2";
				TEST_TARGET_NAME = NyTimesApp;
			};
			name = Debug;
		};
		8A4D525F255BC50500B68785 /* Release */ = {
			isa = XCBuildConfiguration;
			baseConfigurationReference = 74F969D2E68881ABAB5E2969 /* Pods-NyTimesApp-NyTimesAppUITests.release.xcconfig */;
			buildSettings = {
				ALWAYS_EMBED_SWIFT_STANDARD_LIBRARIES = YES;
				CODE_SIGN_STYLE = Automatic;
				INFOPLIST_FILE = NyTimesAppUITests/Info.plist;
				LD_RUNPATH_SEARCH_PATHS = (
					"$(inherited)",
					"@executable_path/Frameworks",
					"@loader_path/Frameworks",
				);
				PRODUCT_BUNDLE_IDENTIFIER = com.Alok.NyTimesAppUITests;
				PRODUCT_NAME = "$(TARGET_NAME)";
				SWIFT_VERSION = 5.0;
				TARGETED_DEVICE_FAMILY = "1,2";
				TEST_TARGET_NAME = NyTimesApp;
			};
			name = Release;
		};
/* End XCBuildConfiguration section */

/* Begin XCConfigurationList section */
		8A4D5228255BC50100B68785 /* Build configuration list for PBXProject "NyTimesApp" */ = {
			isa = XCConfigurationList;
			buildConfigurations = (
				8A4D5255255BC50500B68785 /* Debug */,
				8A4D5256255BC50500B68785 /* Release */,
			);
			defaultConfigurationIsVisible = 0;
			defaultConfigurationName = Release;
		};
		8A4D5257255BC50500B68785 /* Build configuration list for PBXNativeTarget "NyTimesApp" */ = {
			isa = XCConfigurationList;
			buildConfigurations = (
				8A4D5258255BC50500B68785 /* Debug */,
				8A4D5259255BC50500B68785 /* Release */,
			);
			defaultConfigurationIsVisible = 0;
			defaultConfigurationName = Release;
		};
		8A4D525A255BC50500B68785 /* Build configuration list for PBXNativeTarget "NyTimesAppTests" */ = {
			isa = XCConfigurationList;
			buildConfigurations = (
				8A4D525B255BC50500B68785 /* Debug */,
				8A4D525C255BC50500B68785 /* Release */,
			);
			defaultConfigurationIsVisible = 0;
			defaultConfigurationName = Release;
		};
		8A4D525D255BC50500B68785 /* Build configuration list for PBXNativeTarget "NyTimesAppUITests" */ = {
			isa = XCConfigurationList;
			buildConfigurations = (
				8A4D525E255BC50500B68785 /* Debug */,
				8A4D525F255BC50500B68785 /* Release */,
			);
			defaultConfigurationIsVisible = 0;
			defaultConfigurationName = Release;
		};
/* End XCConfigurationList section */
	};
	rootObject = 8A4D5225255BC50100B68785 /* Project object */;
}
